<?xml version="1.0" encoding="utf-8"?>
<Project ToolsVersion="4.0" xmlns="http://schemas.microsoft.com/developer/msbuild/2003">
  <ItemGroup>
    <ClCompile Include="Plugin.cpp" />
    <ClCompile Include="stdafx.cpp" />
    <ClCompile Include="SteeringBehaviors\SteeringBehaviors.cpp" />
    <ClCompile Include="BaseGoapAction.cpp" />
    <ClCompile Include="GoapActions.cpp" />
    <ClCompile Include="WorldState.cpp" />
    <ClCompile Include="GoapAstart.cpp" />
    <ClCompile Include="Node.cpp" />
  </ItemGroup>
  <ItemGroup>
    <ClInclude Include="Plugin.h" />
    <ClInclude Include="stdafx.h" />
    <ClInclude Include="SteeringBehaviors\SteeringBehaviors.h" />
    <ClInclude Include="SteeringBehaviors\SteeringHelpers.h" />
    <ClInclude Include="Data\EBlackboard.h" />
    <ClInclude Include="BaseGoapAction.h" />
    <ClInclude Include="GoapActions.h" />
    <ClInclude Include="WorldState.h" />
    <ClInclude Include="GoapAstart.h" />
    <ClInclude Include="Node.h" />
    <ClInclude Include="HelperStructExpension.h" />
  </ItemGroup>
</Project>